PODS:
  - Flutter (1.0.0)
  - permission_handler_apple (9.0.4):
    - Flutter
  - shared_preferences_ios (0.0.1):
    - Flutter
  - suprsend_flutter_sdk (1.0.0):
    - Flutter
    - SuprsendCore (= 1.0.0)
    - SuprSendSdk (= 1.0.1)
  - SuprsendCore (1.0.0)
  - SuprSendSdk (1.0.1)
  - uni_links (0.0.1):
    - Flutter

DEPENDENCIES:
  - Flutter (from `Flutter`)
  - permission_handler_apple (from `.symlinks/plugins/permission_handler_apple/ios`)
  - shared_preferences_ios (from `.symlinks/plugins/shared_preferences_ios/ios`)
  - suprsend_flutter_sdk (from `.symlinks/plugins/suprsend_flutter_sdk/ios`)
  - uni_links (from `.symlinks/plugins/uni_links/ios`)

SPEC REPOS:
  trunk:
    - SuprsendCore
    - SuprSendSdk

EXTERNAL SOURCES:
  Flutter:
    :path: Flutter
  permission_handler_apple:
    :path: ".symlinks/plugins/permission_handler_apple/ios"
  shared_preferences_ios:
    :path: ".symlinks/plugins/shared_preferences_ios/ios"
  suprsend_flutter_sdk:
    :path: ".symlinks/plugins/suprsend_flutter_sdk/ios"
  uni_links:
    :path: ".symlinks/plugins/uni_links/ios"

SPEC CHECKSUMS:
  Flutter: f04841e97a9d0b0a8025694d0796dd46242b2854
  permission_handler_apple: 44366e37eaf29454a1e7b1b7d736c2cceaeb17ce
  shared_preferences_ios: 548a61f8053b9b8a49ac19c1ffbc8b92c50d68ad
  suprsend_flutter_sdk: 976243d50e4aaf555601db99cf4975f34849941d
  SuprsendCore: 810cd4e9f7e829c1d694aa556774a3dd787607e8
  SuprSendSdk: 8b92f8e6ad08238d00fbf27a8ccc1fa15abc0871
  uni_links: d97da20c7701486ba192624d99bffaaffcfc298a

PODFILE CHECKSUM: cc1f88378b4bfcf93a6ce00d2c587857c6008d3b

COCOAPODS: 1.11.3
